
Microsoft Visual Studio Solution File, Format Version 12.00
# Visual Studio Version 17
VisualStudioVersion = 17.5.33424.131
MinimumVisualStudioVersion = 10.0.40219.1
Project("{9A19103F-16F7-4668-BE54-9A1E7A4F7556}") = "AtividadesComplementares", "AtividadesComplementares\AtividadesComplementares.csproj", "{121022D2-5D18-4774-93DC-A2EF8D215A73}"
EndProject
Project("{FAE04EC0-301F-11D3-BF4B-00C04F79EFBC}") = "AtividadesComplementaresTests", "AtividadesComplementaresTests\AtividadesComplementaresTests.csproj", "{387A7AB8-6F78-4786-9C24-95B0168CF1C1}"
EndProject
Global
	GlobalSection(SolutionConfigurationPlatforms) = preSolution
		Debug|Any CPU = Debug|Any CPU
		Release|Any CPU = Release|Any CPU
	EndGlobalSection
	GlobalSection(ProjectConfigurationPlatforms) = postSolution
		{121022D2-5D18-4774-93DC-A2EF8D215A73}.Debug|Any CPU.ActiveCfg = Debug|Any CPU
		{121022D2-5D18-4774-93DC-A2EF8D215A73}.Debug|Any CPU.Build.0 = Debug|Any CPU
		{121022D2-5D18-4774-93DC-A2EF8D215A73}.Release|Any CPU.ActiveCfg = Release|Any CPU
		{121022D2-5D18-4774-93DC-A2EF8D215A73}.Release|Any CPU.Build.0 = Release|Any CPU
		{387A7AB8-6F78-4786-9C24-95B0168CF1C1}.Debug|Any CPU.ActiveCfg = Debug|Any CPU
		{387A7AB8-6F78-4786-9C24-95B0168CF1C1}.Debug|Any CPU.Build.0 = Debug|Any CPU
		{387A7AB8-6F78-4786-9C24-95B0168CF1C1}.Release|Any CPU.ActiveCfg = Release|Any CPU
		{387A7AB8-6F78-4786-9C24-95B0168CF1C1}.Release|Any CPU.Build.0 = Release|Any CPU
	EndGlobalSection
	GlobalSection(SolutionProperties) = preSolution
		HideSolutionNode = FALSE
	EndGlobalSection
	GlobalSection(ExtensibilityGlobals) = postSolution
		SolutionGuid = {3B470C8C-3D4A-405E-8BCB-71D850963DD4}
	EndGlobalSection
EndGlobal
